
Microsoft Visual Studio Solution File, Format Version 12.00
# Visual Studio Version 16
VisualStudioVersion = 16.0.31829.152
MinimumVisualStudioVersion = 10.0.40219.1
Project("{FAE04EC0-301F-11D3-BF4B-00C04F79EFBC}") = "StackLayotTutorial.Android", "StackLayotTutorial.Android\StackLayotTutorial.Android.csproj", "{49BD20CA-359A-49BB-A6FB-4F01AF0A28C5}"
EndProject
Project("{FAE04EC0-301F-11D3-BF4B-00C04F79EFBC}") = "StackLayotTutorial.iOS", "StackLayotTutorial.iOS\StackLayotTutorial.iOS.csproj", "{9348E35E-EA81-4BC6-9598-BDEACCFB1667}"
EndProject
Project("{FAE04EC0-301F-11D3-BF4B-00C04F79EFBC}") = "StackLayotTutorial", "StackLayotTutorial\StackLayotTutorial.csproj", "{F9E5241B-F69A-484B-8FF5-B961477C0F7E}"
EndProject
Global
	GlobalSection(SolutionConfigurationPlatforms) = preSolution
		Debug|Any CPU = Debug|Any CPU
		Debug|iPhone = Debug|iPhone
		Debug|iPhoneSimulator = Debug|iPhoneSimulator
		Release|Any CPU = Release|Any CPU
		Release|iPhone = Release|iPhone
		Release|iPhoneSimulator = Release|iPhoneSimulator
	EndGlobalSection
	GlobalSection(ProjectConfigurationPlatforms) = postSolution
		{49BD20CA-359A-49BB-A6FB-4F01AF0A28C5}.Debug|Any CPU.ActiveCfg = Debug|Any CPU
		{49BD20CA-359A-49BB-A6FB-4F01AF0A28C5}.Debug|Any CPU.Build.0 = Debug|Any CPU
		{49BD20CA-359A-49BB-A6FB-4F01AF0A28C5}.Debug|Any CPU.Deploy.0 = Debug|Any CPU
		{49BD20CA-359A-49BB-A6FB-4F01AF0A28C5}.Debug|iPhone.ActiveCfg = Debug|Any CPU
		{49BD20CA-359A-49BB-A6FB-4F01AF0A28C5}.Debug|iPhone.Build.0 = Debug|Any CPU
		{49BD20CA-359A-49BB-A6FB-4F01AF0A28C5}.Debug|iPhone.Deploy.0 = Debug|Any CPU
		{49BD20CA-359A-49BB-A6FB-4F01AF0A28C5}.Debug|iPhoneSimulator.ActiveCfg = Debug|Any CPU
		{49BD20CA-359A-49BB-A6FB-4F01AF0A28C5}.Debug|iPhoneSimulator.Build.0 = Debug|Any CPU
		{49BD20CA-359A-49BB-A6FB-4F01AF0A28C5}.Debug|iPhoneSimulator.Deploy.0 = Debug|Any CPU
		{49BD20CA-359A-49BB-A6FB-4F01AF0A28C5}.Release|Any CPU.ActiveCfg = Release|Any CPU
		{49BD20CA-359A-49BB-A6FB-4F01AF0A28C5}.Release|Any CPU.Build.0 = Release|Any CPU
		{49BD20CA-359A-49BB-A6FB-4F01AF0A28C5}.Release|Any CPU.Deploy.0 = Release|Any CPU
		{49BD20CA-359A-49BB-A6FB-4F01AF0A28C5}.Release|iPhone.ActiveCfg = Release|Any CPU
		{49BD20CA-359A-49BB-A6FB-4F01AF0A28C5}.Release|iPhone.Build.0 = Release|Any CPU
		{49BD20CA-359A-49BB-A6FB-4F01AF0A28C5}.Release|iPhone.Deploy.0 = Release|Any CPU
		{49BD20CA-359A-49BB-A6FB-4F01AF0A28C5}.Release|iPhoneSimulator.ActiveCfg = Release|Any CPU
		{49BD20CA-359A-49BB-A6FB-4F01AF0A28C5}.Release|iPhoneSimulator.Build.0 = Release|Any CPU
		{49BD20CA-359A-49BB-A6FB-4F01AF0A28C5}.Release|iPhoneSimulator.Deploy.0 = Release|Any CPU
		{9348E35E-EA81-4BC6-9598-BDEACCFB1667}.Debug|Any CPU.ActiveCfg = Debug|iPhone
		{9348E35E-EA81-4BC6-9598-BDEACCFB1667}.Debug|Any CPU.Build.0 = Debug|iPhone
		{9348E35E-EA81-4BC6-9598-BDEACCFB1667}.Debug|Any CPU.Deploy.0 = Debug|iPhone
		{9348E35E-EA81-4BC6-9598-BDEACCFB1667}.Debug|iPhone.ActiveCfg = Debug|iPhone
		{9348E35E-EA81-4BC6-9598-BDEACCFB1667}.Debug|iPhone.Build.0 = Debug|iPhone
		{9348E35E-EA81-4BC6-9598-BDEACCFB1667}.Debug|iPhone.Deploy.0 = Debug|iPhone
		{9348E35E-EA81-4BC6-9598-BDEACCFB1667}.Debug|iPhoneSimulator.ActiveCfg = Debug|iPhoneSimulator
		{9348E35E-EA81-4BC6-9598-BDEACCFB1667}.Debug|iPhoneSimulator.Build.0 = Debug|iPhoneSimulator
		{9348E35E-EA81-4BC6-9598-BDEACCFB1667}.Debug|iPhoneSimulator.Deploy.0 = Debug|iPhoneSimulator
		{9348E35E-EA81-4BC6-9598-BDEACCFB1667}.Release|Any CPU.ActiveCfg = Release|iPhoneSimulator
		{9348E35E-EA81-4BC6-9598-BDEACCFB1667}.Release|Any CPU.Build.0 = Release|iPhoneSimulator
		{9348E35E-EA81-4BC6-9598-BDEACCFB1667}.Release|Any CPU.Deploy.0 = Release|iPhoneSimulator
		{9348E35E-EA81-4BC6-9598-BDEACCFB1667}.Release|iPhone.ActiveCfg = Release|iPhone
		{9348E35E-EA81-4BC6-9598-BDEACCFB1667}.Release|iPhone.Build.0 = Release|iPhone
		{9348E35E-EA81-4BC6-9598-BDEACCFB1667}.Release|iPhone.Deploy.0 = Release|iPhone
		{9348E35E-EA81-4BC6-9598-BDEACCFB1667}.Release|iPhoneSimulator.ActiveCfg = Release|iPhoneSimulator
		{9348E35E-EA81-4BC6-9598-BDEACCFB1667}.Release|iPhoneSimulator.Build.0 = Release|iPhoneSimulator
		{9348E35E-EA81-4BC6-9598-BDEACCFB1667}.Release|iPhoneSimulator.Deploy.0 = Release|iPhoneSimulator
		{F9E5241B-F69A-484B-8FF5-B961477C0F7E}.Debug|Any CPU.ActiveCfg = Debug|Any CPU
		{F9E5241B-F69A-484B-8FF5-B961477C0F7E}.Debug|Any CPU.Build.0 = Debug|Any CPU
		{F9E5241B-F69A-484B-8FF5-B961477C0F7E}.Debug|Any CPU.Deploy.0 = Debug|Any CPU
		{F9E5241B-F69A-484B-8FF5-B961477C0F7E}.Debug|iPhone.ActiveCfg = Debug|Any CPU
		{F9E5241B-F69A-484B-8FF5-B961477C0F7E}.Debug|iPhone.Build.0 = Debug|Any CPU
		{F9E5241B-F69A-484B-8FF5-B961477C0F7E}.Debug|iPhone.Deploy.0 = Debug|Any CPU
		{F9E5241B-F69A-484B-8FF5-B961477C0F7E}.Debug|iPhoneSimulator.ActiveCfg = Debug|Any CPU
		{F9E5241B-F69A-484B-8FF5-B961477C0F7E}.Debug|iPhoneSimulator.Build.0 = Debug|Any CPU
		{F9E5241B-F69A-484B-8FF5-B961477C0F7E}.Debug|iPhoneSimulator.Deploy.0 = Debug|Any CPU
		{F9E5241B-F69A-484B-8FF5-B961477C0F7E}.Release|Any CPU.ActiveCfg = Release|Any CPU
		{F9E5241B-F69A-484B-8FF5-B961477C0F7E}.Release|Any CPU.Build.0 = Release|Any CPU
		{F9E5241B-F69A-484B-8FF5-B961477C0F7E}.Release|Any CPU.Deploy.0 = Release|Any CPU
		{F9E5241B-F69A-484B-8FF5-B961477C0F7E}.Release|iPhone.ActiveCfg = Release|Any CPU
		{F9E5241B-F69A-484B-8FF5-B961477C0F7E}.Release|iPhone.Build.0 = Release|Any CPU
		{F9E5241B-F69A-484B-8FF5-B961477C0F7E}.Release|iPhone.Deploy.0 = Release|Any CPU
		{F9E5241B-F69A-484B-8FF5-B961477C0F7E}.Release|iPhoneSimulator.ActiveCfg = Release|Any CPU
		{F9E5241B-F69A-484B-8FF5-B961477C0F7E}.Release|iPhoneSimulator.Build.0 = Release|Any CPU
		{F9E5241B-F69A-484B-8FF5-B961477C0F7E}.Release|iPhoneSimulator.Deploy.0 = Release|Any CPU
	EndGlobalSection
	GlobalSection(SolutionProperties) = preSolution
		HideSolutionNode = FALSE
	EndGlobalSection
	GlobalSection(ExtensibilityGlobals) = postSolution
		SolutionGuid = {F42F0297-091A-4FD1-9D84-17390BADDD84}
	EndGlobalSection
EndGlobal
